
Microsoft Visual Studio Solution File, Format Version 12.00
# Visual Studio 15
VisualStudioVersion = 15.0.27130.2027
MinimumVisualStudioVersion = 10.0.40219.1
Project("{FAE04EC0-301F-11D3-BF4B-00C04F79EFBC}") = "Linq2DbSample", "Linq2DbSample\Linq2DbSample.csproj", "{54C681B9-B6C8-492E-8274-E91CB17B3200}"
EndProject
Project("{2150E333-8FDC-42A3-9474-1A3956D46DE8}") = "Solution Items", "Solution Items", "{04533A76-0CFE-4EAD-A2AF-799E583EBF16}"
	ProjectSection(SolutionItems) = preProject
		..\README.md = ..\README.md
	EndProjectSection
EndProject
Global
	GlobalSection(SolutionConfigurationPlatforms) = preSolution
		Debug|Any CPU = Debug|Any CPU
		Release|Any CPU = Release|Any CPU
	EndGlobalSection
	GlobalSection(ProjectConfigurationPlatforms) = postSolution
		{54C681B9-B6C8-492E-8274-E91CB17B3200}.Debug|Any CPU.ActiveCfg = Debug|Any CPU
		{54C681B9-B6C8-492E-8274-E91CB17B3200}.Debug|Any CPU.Build.0 = Debug|Any CPU
		{54C681B9-B6C8-492E-8274-E91CB17B3200}.Release|Any CPU.ActiveCfg = Release|Any CPU
		{54C681B9-B6C8-492E-8274-E91CB17B3200}.Release|Any CPU.Build.0 = Release|Any CPU
	EndGlobalSection
	GlobalSection(SolutionProperties) = preSolution
		HideSolutionNode = FALSE
	EndGlobalSection
	GlobalSection(ExtensibilityGlobals) = postSolution
		SolutionGuid = {B6A2B7CB-8985-4B8F-B4FA-7BF0870C642E}
	EndGlobalSection
EndGlobal
